
Microsoft Visual Studio Solution File, Format Version 12.00
Project("{2150E333-8FDC-42A3-9474-1A3956D46DE8}") = "src", "src", "{A9176EE0-8CC8-409D-8581-3F9FC81B1414}"
EndProject
Project("{2150E333-8FDC-42A3-9474-1A3956D46DE8}") = "tests", "tests", "{F1F7FC49-302C-48A2-9F89-3F0DCC9A945A}"
EndProject
Project("{2150E333-8FDC-42A3-9474-1A3956D46DE8}") = "common", "common", "{499FB687-DFE8-435B-A7AC-5FD97D568DDE}"
	ProjectSection(SolutionItems) = preProject
		Dockerfile = Dockerfile
		Directory.Build.props = Directory.Build.props
		.dockerignore = .dockerignore
		.gitignore = .gitignore
		.github\workflows\ci.yml = .github\workflows\ci.yml
	EndProjectSection
EndProject
Project("{FAE04EC0-301F-11D3-BF4B-00C04F79EFBC}") = "ToxiCode.SSO.Api", "src\ToxiCode.SSO.Api\ToxiCode.SSO.Api.csproj", "{F5B0C8B1-81AD-4BA5-B8AB-21A1C9C74FD6}"
EndProject
Project("{FAE04EC0-301F-11D3-BF4B-00C04F79EFBC}") = "ToxiCode.SSO.Api.Tests", "tests\ToxiCode.SSO.Api.Tests\ToxiCode.SSO.Api.Tests.csproj", "{734C9075-AF0E-44CB-A9C5-1FDB104D4027}"
EndProject
Project("{FAE04EC0-301F-11D3-BF4B-00C04F79EFBC}") = "ToxiCode.SSO.Api.Client", "src\ToxiCode.SSO.Api.Client\ToxiCode.SSO.Api.Client.csproj", "{4DA0C128-A869-4E74-AADA-D7AC3494DF9A}"
EndProject
Global
	GlobalSection(SolutionConfigurationPlatforms) = preSolution
		Debug|Any CPU = Debug|Any CPU
		Release|Any CPU = Release|Any CPU
	EndGlobalSection
	GlobalSection(ProjectConfigurationPlatforms) = postSolution
		{F5B0C8B1-81AD-4BA5-B8AB-21A1C9C74FD6}.Debug|Any CPU.ActiveCfg = Debug|Any CPU
		{F5B0C8B1-81AD-4BA5-B8AB-21A1C9C74FD6}.Debug|Any CPU.Build.0 = Debug|Any CPU
		{F5B0C8B1-81AD-4BA5-B8AB-21A1C9C74FD6}.Release|Any CPU.ActiveCfg = Release|Any CPU
		{F5B0C8B1-81AD-4BA5-B8AB-21A1C9C74FD6}.Release|Any CPU.Build.0 = Release|Any CPU
		{734C9075-AF0E-44CB-A9C5-1FDB104D4027}.Debug|Any CPU.ActiveCfg = Debug|Any CPU
		{734C9075-AF0E-44CB-A9C5-1FDB104D4027}.Debug|Any CPU.Build.0 = Debug|Any CPU
		{734C9075-AF0E-44CB-A9C5-1FDB104D4027}.Release|Any CPU.ActiveCfg = Release|Any CPU
		{734C9075-AF0E-44CB-A9C5-1FDB104D4027}.Release|Any CPU.Build.0 = Release|Any CPU
		{4DA0C128-A869-4E74-AADA-D7AC3494DF9A}.Debug|Any CPU.ActiveCfg = Debug|Any CPU
		{4DA0C128-A869-4E74-AADA-D7AC3494DF9A}.Debug|Any CPU.Build.0 = Debug|Any CPU
		{4DA0C128-A869-4E74-AADA-D7AC3494DF9A}.Release|Any CPU.ActiveCfg = Release|Any CPU
		{4DA0C128-A869-4E74-AADA-D7AC3494DF9A}.Release|Any CPU.Build.0 = Release|Any CPU
	EndGlobalSection
	GlobalSection(NestedProjects) = preSolution
		{F5B0C8B1-81AD-4BA5-B8AB-21A1C9C74FD6} = {A9176EE0-8CC8-409D-8581-3F9FC81B1414}
		{734C9075-AF0E-44CB-A9C5-1FDB104D4027} = {F1F7FC49-302C-48A2-9F89-3F0DCC9A945A}
		{4DA0C128-A869-4E74-AADA-D7AC3494DF9A} = {A9176EE0-8CC8-409D-8581-3F9FC81B1414}
	EndGlobalSection
EndGlobal
